// !$*UTF8*$!
{
	archiveVersion = 1;
	classes = {
	};
	objectVersion = 50;
	objects = {

/* Begin PBXBuildFile section */
		0DEB1C65A70E9906E359B5D7 /* Pods_Drinkers.framework in Frameworks */ = {isa = PBXBuildFile; fileRef = 9456788075DEE7436EA376DC /* Pods_Drinkers.framework */; };
		BF5829192254F5BC0023DEEE /* API.swift in Sources */ = {isa = PBXBuildFile; fileRef = BF5829182254F5BC0023DEEE /* API.swift */; };
		BFE6685222536DFC00840A8F /* AppDelegate.swift in Sources */ = {isa = PBXBuildFile; fileRef = BFE6685122536DFC00840A8F /* AppDelegate.swift */; };
		BFE6685422536DFC00840A8F /* ViewController.swift in Sources */ = {isa = PBXBuildFile; fileRef = BFE6685322536DFC00840A8F /* ViewController.swift */; };
		BFE6685722536DFC00840A8F /* Main.storyboard in Resources */ = {isa = PBXBuildFile; fileRef = BFE6685522536DFC00840A8F /* Main.storyboard */; };
		BFE6685922536DFE00840A8F /* Assets.xcassets in Resources */ = {isa = PBXBuildFile; fileRef = BFE6685822536DFE00840A8F /* Assets.xcassets */; };
		BFE6685C22536DFE00840A8F /* LaunchScreen.storyboard in Resources */ = {isa = PBXBuildFile; fileRef = BFE6685A22536DFE00840A8F /* LaunchScreen.storyboard */; };
		BFE66864225370A800840A8F /* awsconfiguration.json in Resources */ = {isa = PBXBuildFile; fileRef = BFE66863225370A800840A8F /* awsconfiguration.json */; };
/* End PBXBuildFile section */

/* Begin PBXFileReference section */
		791B994942ACA5DF5B6FDF49 /* Pods-Drinkers.debug.xcconfig */ = {isa = PBXFileReference; includeInIndex = 1; lastKnownFileType = text.xcconfig; name = "Pods-Drinkers.debug.xcconfig"; path = "Pods/Target Support Files/Pods-Drinkers/Pods-Drinkers.debug.xcconfig"; sourceTree = "<group>"; };
		9456788075DEE7436EA376DC /* Pods_Drinkers.framework */ = {isa = PBXFileReference; explicitFileType = wrapper.framework; includeInIndex = 0; path = Pods_Drinkers.framework; sourceTree = BUILT_PRODUCTS_DIR; };
		B98BB3BBA42782A33F7E81E2 /* Pods-Drinkers.release.xcconfig */ = {isa = PBXFileReference; includeInIndex = 1; lastKnownFileType = text.xcconfig; name = "Pods-Drinkers.release.xcconfig"; path = "Pods/Target Support Files/Pods-Drinkers/Pods-Drinkers.release.xcconfig"; sourceTree = "<group>"; };
		BF5829182254F5BC0023DEEE /* API.swift */ = {isa = PBXFileReference; fileEncoding = 4; lastKnownFileType = sourcecode.swift; path = API.swift; sourceTree = SOURCE_ROOT; };
		BFE6684E22536DFC00840A8F /* Drinkers.app */ = {isa = PBXFileReference; explicitFileType = wrapper.application; includeInIndex = 0; path = Drinkers.app; sourceTree = BUILT_PRODUCTS_DIR; };
		BFE6685122536DFC00840A8F /* AppDelegate.swift */ = {isa = PBXFileReference; lastKnownFileType = sourcecode.swift; path = AppDelegate.swift; sourceTree = "<group>"; };
		BFE6685322536DFC00840A8F /* ViewController.swift */ = {isa = PBXFileReference; lastKnownFileType = sourcecode.swift; path = ViewController.swift; sourceTree = "<group>"; };
		BFE6685622536DFC00840A8F /* Base */ = {isa = PBXFileReference; lastKnownFileType = file.storyboard; name = Base; path = Base.lproj/Main.storyboard; sourceTree = "<group>"; };
		BFE6685822536DFE00840A8F /* Assets.xcassets */ = {isa = PBXFileReference; lastKnownFileType = folder.assetcatalog; path = Assets.xcassets; sourceTree = "<group>"; };
		BFE6685B22536DFE00840A8F /* Base */ = {isa = PBXFileReference; lastKnownFileType = file.storyboard; name = Base; path = Base.lproj/LaunchScreen.storyboard; sourceTree = "<group>"; };
		BFE6685D22536DFE00840A8F /* Info.plist */ = {isa = PBXFileReference; lastKnownFileType = text.plist.xml; path = Info.plist; sourceTree = "<group>"; };
		BFE66863225370A800840A8F /* awsconfiguration.json */ = {isa = PBXFileReference; fileEncoding = 4; lastKnownFileType = text.json; path = awsconfiguration.json; sourceTree = "<group>"; };
/* End PBXFileReference section */

/* Begin PBXFrameworksBuildPhase section */
		BFE6684B22536DFC00840A8F /* Frameworks */ = {
			isa = PBXFrameworksBuildPhase;
			buildActionMask = 2147483647;
			files = (
				0DEB1C65A70E9906E359B5D7 /* Pods_Drinkers.framework in Frameworks */,
			);
			runOnlyForDeploymentPostprocessing = 0;
		};
/* End PBXFrameworksBuildPhase section */

/* Begin PBXGroup section */
		2E22D11328FDF4105FD23924 /* Frameworks */ = {
			isa = PBXGroup;
			children = (
				9456788075DEE7436EA376DC /* Pods_Drinkers.framework */,
			);
			name = Frameworks;
			sourceTree = "<group>";
		};
		34EE8155C9A389568F7F6E27 /* Pods */ = {
			isa = PBXGroup;
			children = (
				791B994942ACA5DF5B6FDF49 /* Pods-Drinkers.debug.xcconfig */,
				B98BB3BBA42782A33F7E81E2 /* Pods-Drinkers.release.xcconfig */,
			);
			name = Pods;
			sourceTree = "<group>";
		};
		BFE6684522536DFC00840A8F = {
			isa = PBXGroup;
			children = (
				BFE66863225370A800840A8F /* awsconfiguration.json */,
				BFE6685022536DFC00840A8F /* Drinkers */,
				BFE6684F22536DFC00840A8F /* Products */,
				34EE8155C9A389568F7F6E27 /* Pods */,
				2E22D11328FDF4105FD23924 /* Frameworks */,
			);
			sourceTree = "<group>";
		};
		BFE6684F22536DFC00840A8F /* Products */ = {
			isa = PBXGroup;
			children = (
				BFE6684E22536DFC00840A8F /* Drinkers.app */,
			);
			name = Products;
			sourceTree = "<group>";
		};
		BFE6685022536DFC00840A8F /* Drinkers */ = {
			isa = PBXGroup;
			children = (
				BFE6685122536DFC00840A8F /* AppDelegate.swift */,
				BF5829182254F5BC0023DEEE /* API.swift */,
				BFE6685322536DFC00840A8F /* ViewController.swift */,
				BFE6685522536DFC00840A8F /* Main.storyboard */,
				BFE6685822536DFE00840A8F /* Assets.xcassets */,
				BFE6685A22536DFE00840A8F /* LaunchScreen.storyboard */,
				BFE6685D22536DFE00840A8F /* Info.plist */,
			);
			path = Drinkers;
			sourceTree = "<group>";
		};
/* End PBXGroup section */

/* Begin PBXNativeTarget section */
		BFE6684D22536DFC00840A8F /* Drinkers */ = {
			isa = PBXNativeTarget;
			buildConfigurationList = BFE6686022536DFE00840A8F /* Build configuration list for PBXNativeTarget "Drinkers" */;
			buildPhases = (
				46FCFE11044E77EF0C9D607B /* [CP] Check Pods Manifest.lock */,
				BFE6684A22536DFC00840A8F /* Sources */,
				BFE6684B22536DFC00840A8F /* Frameworks */,
				BFE6684C22536DFC00840A8F /* Resources */,
				8F6AF5BF6C932A3286AF62E1 /* [CP] Embed Pods Frameworks */,
			);
			buildRules = (
			);
			dependencies = (
			);
			name = Drinkers;
			productName = Drinkers;
			productReference = BFE6684E22536DFC00840A8F /* Drinkers.app */;
			productType = "com.apple.product-type.application";
		};
/* End PBXNativeTarget section */

/* Begin PBXProject section */
		BFE6684622536DFC00840A8F /* Project object */ = {
			isa = PBXProject;
			attributes = {
				LastSwiftUpdateCheck = 1010;
				LastUpgradeCheck = 1010;
				ORGANIZATIONNAME = "kenta naito";
				TargetAttributes = {
					BFE6684D22536DFC00840A8F = {
						CreatedOnToolsVersion = 10.1;
					};
				};
			};
			buildConfigurationList = BFE6684922536DFC00840A8F /* Build configuration list for PBXProject "Drinkers" */;
			compatibilityVersion = "Xcode 9.3";
			developmentRegion = en;
			hasScannedForEncodings = 0;
			knownRegions = (
				en,
				Base,
			);
			mainGroup = BFE6684522536DFC00840A8F;
			productRefGroup = BFE6684F22536DFC00840A8F /* Products */;
			projectDirPath = "";
			projectRoot = "";
			targets = (
				BFE6684D22536DFC00840A8F /* Drinkers */,
			);
		};
/* End PBXProject section */

/* Begin PBXResourcesBuildPhase section */
		BFE6684C22536DFC00840A8F /* Resources */ = {
			isa = PBXResourcesBuildPhase;
			buildActionMask = 2147483647;
			files = (
				BFE66864225370A800840A8F /* awsconfiguration.json in Resources */,
				BFE6685C22536DFE00840A8F /* LaunchScreen.storyboard in Resources */,
				BFE6685922536DFE00840A8F /* Assets.xcassets in Resources */,
				BFE6685722536DFC00840A8F /* Main.storyboard in Resources */,
			);
			runOnlyForDeploymentPostprocessing = 0;
		};
/* End PBXResourcesBuildPhase section */

/* Begin PBXShellScriptBuildPhase section */
		46FCFE11044E77EF0C9D607B /* [CP] Check Pods Manifest.lock */ = {
			isa = PBXShellScriptBuildPhase;
			buildActionMask = 2147483647;
			files = (
			);
			inputFileListPaths = (
			);
			inputPaths = (
				"${PODS_PODFILE_DIR_PATH}/Podfile.lock",
				"${PODS_ROOT}/Manifest.lock",
			);
			name = "[CP] Check Pods Manifest.lock";
			outputFileListPaths = (
			);
			outputPaths = (
				"$(DERIVED_FILE_DIR)/Pods-Drinkers-checkManifestLockResult.txt",
			);
			runOnlyForDeploymentPostprocessing = 0;
			shellPath = /bin/sh;
			shellScript = "diff \"${PODS_PODFILE_DIR_PATH}/Podfile.lock\" \"${PODS_ROOT}/Manifest.lock\" > /dev/null\nif [ $? != 0 ] ; then\n    # print error to STDERR\n    echo \"error: The sandbox is not in sync with the Podfile.lock. Run 'pod install' or update your CocoaPods installation.\" >&2\n    exit 1\nfi\n# This output is used by Xcode 'outputs' to avoid re-running this script phase.\necho \"SUCCESS\" > \"${SCRIPT_OUTPUT_FILE_0}\"\n";
			showEnvVarsInLog = 0;
		};
		8F6AF5BF6C932A3286AF62E1 /* [CP] Embed Pods Frameworks */ = {
			isa = PBXShellScriptBuildPhase;
			buildActionMask = 2147483647;
			files = (
			);
			inputFileListPaths = (
			);
			inputPaths = (
				"${SRCROOT}/Pods/Target Support Files/Pods-Drinkers/Pods-Drinkers-frameworks.sh",
				"${BUILT_PRODUCTS_DIR}/AWSAppSync/AWSAppSync.framework",
				"${BUILT_PRODUCTS_DIR}/AWSAuthCore/AWSAuthCore.framework",
				"${BUILT_PRODUCTS_DIR}/AWSAuthUI/AWSAuthUI.framework",
				"${BUILT_PRODUCTS_DIR}/AWSCognitoIdentityProvider/AWSCognitoIdentityProvider.framework",
				"${BUILT_PRODUCTS_DIR}/AWSCognitoIdentityProviderASF/AWSCognitoIdentityProviderASF.framework",
				"${BUILT_PRODUCTS_DIR}/AWSCore/AWSCore.framework",
				"${BUILT_PRODUCTS_DIR}/AWSMobileClient/AWSMobileClient.framework",
				"${BUILT_PRODUCTS_DIR}/AWSS3/AWSS3.framework",
				"${BUILT_PRODUCTS_DIR}/AWSUserPoolsSignIn/AWSUserPoolsSignIn.framework",
				"${BUILT_PRODUCTS_DIR}/ReachabilitySwift/Reachability.framework",
				"${BUILT_PRODUCTS_DIR}/SQLite.swift/SQLite.framework",
			);
			name = "[CP] Embed Pods Frameworks";
			outputFileListPaths = (
			);
			outputPaths = (
				"${TARGET_BUILD_DIR}/${FRAMEWORKS_FOLDER_PATH}/AWSAppSync.framework",
				"${TARGET_BUILD_DIR}/${FRAMEWORKS_FOLDER_PATH}/AWSAuthCore.framework",
				"${TARGET_BUILD_DIR}/${FRAMEWORKS_FOLDER_PATH}/AWSAuthUI.framework",
				"${TARGET_BUILD_DIR}/${FRAMEWORKS_FOLDER_PATH}/AWSCognitoIdentityProvider.framework",
				"${TARGET_BUILD_DIR}/${FRAMEWORKS_FOLDER_PATH}/AWSCognitoIdentityProviderASF.framework",
				"${TARGET_BUILD_DIR}/${FRAMEWORKS_FOLDER_PATH}/AWSCore.framework",
				"${TARGET_BUILD_DIR}/${FRAMEWORKS_FOLDER_PATH}/AWSMobileClient.framework",
				"${TARGET_BUILD_DIR}/${FRAMEWORKS_FOLDER_PATH}/AWSS3.framework",
				"${TARGET_BUILD_DIR}/${FRAMEWORKS_FOLDER_PATH}/AWSUserPoolsSignIn.framework",
				"${TARGET_BUILD_DIR}/${FRAMEWORKS_FOLDER_PATH}/Reachability.framework",
				"${TARGET_BUILD_DIR}/${FRAMEWORKS_FOLDER_PATH}/SQLite.framework",
			);
			runOnlyForDeploymentPostprocessing = 0;
			shellPath = /bin/sh;
			shellScript = "\"${SRCROOT}/Pods/Target Support Files/Pods-Drinkers/Pods-Drinkers-frameworks.sh\"\n";
			showEnvVarsInLog = 0;
		};
/* End PBXShellScriptBuildPhase section */

/* Begin PBXSourcesBuildPhase section */
		BFE6684A22536DFC00840A8F /* Sources */ = {
			isa = PBXSourcesBuildPhase;
			buildActionMask = 2147483647;
			files = (
				BFE6685422536DFC00840A8F /* ViewController.swift in Sources */,
				BF5829192254F5BC0023DEEE /* API.swift in Sources */,
				BFE6685222536DFC00840A8F /* AppDelegate.swift in Sources */,
			);
			runOnlyForDeploymentPostprocessing = 0;
		};
/* End PBXSourcesBuildPhase section */

/* Begin PBXVariantGroup section */
		BFE6685522536DFC00840A8F /* Main.storyboard */ = {
			isa = PBXVariantGroup;
			children = (
				BFE6685622536DFC00840A8F /* Base */,
			);
			name = Main.storyboard;
			sourceTree = "<group>";
		};
		BFE6685A22536DFE00840A8F /* LaunchScreen.storyboard */ = {
			isa = PBXVariantGroup;
			children = (
				BFE6685B22536DFE00840A8F /* Base */,
			);
			name = LaunchScreen.storyboard;
			sourceTree = "<group>";
		};
/* End PBXVariantGroup section */

/* Begin XCBuildConfiguration section */
		BFE6685E22536DFE00840A8F /* Debug */ = {
			isa = XCBuildConfiguration;
			buildSettings = {
				ALWAYS_SEARCH_USER_PATHS = NO;
				CLANG_ANALYZER_NONNULL = YES;
				CLANG_ANALYZER_NUMBER_OBJECT_CONVERSION = YES_AGGRESSIVE;
				CLANG_CXX_LANGUAGE_STANDARD = "gnu++14";
				CLANG_CXX_LIBRARY = "libc++";
				CLANG_ENABLE_MODULES = YES;
				CLANG_ENABLE_OBJC_ARC = YES;
				CLANG_ENABLE_OBJC_WEAK = YES;
				CLANG_WARN_BLOCK_CAPTURE_AUTORELEASING = YES;
				CLANG_WARN_BOOL_CONVERSION = YES;
				CLANG_WARN_COMMA = YES;
				CLANG_WARN_CONSTANT_CONVERSION = YES;
				CLANG_WARN_DEPRECATED_OBJC_IMPLEMENTATIONS = YES;
				CLANG_WARN_DIRECT_OBJC_ISA_USAGE = YES_ERROR;
				CLANG_WARN_DOCUMENTATION_COMMENTS = YES;
				CLANG_WARN_EMPTY_BODY = YES;
				CLANG_WARN_ENUM_CONVERSION = YES;
				CLANG_WARN_INFINITE_RECURSION = YES;
				CLANG_WARN_INT_CONVERSION = YES;
				CLANG_WARN_NON_LITERAL_NULL_CONVERSION = YES;
				CLANG_WARN_OBJC_IMPLICIT_RETAIN_SELF = YES;
				CLANG_WARN_OBJC_LITERAL_CONVERSION = YES;
				CLANG_WARN_OBJC_ROOT_CLASS = YES_ERROR;
				CLANG_WARN_RANGE_LOOP_ANALYSIS = YES;
				CLANG_WARN_STRICT_PROTOTYPES = YES;
				CLANG_WARN_SUSPICIOUS_MOVE = YES;
				CLANG_WARN_UNGUARDED_AVAILABILITY = YES_AGGRESSIVE;
				CLANG_WARN_UNREACHABLE_CODE = YES;
				CLANG_WARN__DUPLICATE_METHOD_MATCH = YES;
				CODE_SIGN_IDENTITY = "iPhone Developer";
				COPY_PHASE_STRIP = NO;
				DEBUG_INFORMATION_FORMAT = dwarf;
				ENABLE_STRICT_OBJC_MSGSEND = YES;
				ENABLE_TESTABILITY = YES;
				GCC_C_LANGUAGE_STANDARD = gnu11;
				GCC_DYNAMIC_NO_PIC = NO;
				GCC_NO_COMMON_BLOCKS = YES;
				GCC_OPTIMIZATION_LEVEL = 0;
				GCC_PREPROCESSOR_DEFINITIONS = (
					"DEBUG=1",
					"$(inherited)",
				);
				GCC_WARN_64_TO_32_BIT_CONVERSION = YES;
				GCC_WARN_ABOUT_RETURN_TYPE = YES_ERROR;
				GCC_WARN_UNDECLARED_SELECTOR = YES;
				GCC_WARN_UNINITIALIZED_AUTOS = YES_AGGRESSIVE;
				GCC_WARN_UNUSED_FUNCTION = YES;
				GCC_WARN_UNUSED_VARIABLE = YES;
				IPHONEOS_DEPLOYMENT_TARGET = 12.1;
				MTL_ENABLE_DEBUG_INFO = INCLUDE_SOURCE;
				MTL_FAST_MATH = YES;
				ONLY_ACTIVE_ARCH = YES;
				SDKROOT = iphoneos;
				SWIFT_ACTIVE_COMPILATION_CONDITIONS = DEBUG;
				SWIFT_OPTIMIZATION_LEVEL = "-Onone";
			};
			name = Debug;
		};
		BFE6685F22536DFE00840A8F /* Release */ = {
			isa = XCBuildConfiguration;
			buildSettings = {
				ALWAYS_SEARCH_USER_PATHS = NO;
				CLANG_ANALYZER_NONNULL = YES;
				CLANG_ANALYZER_NUMBER_OBJECT_CONVERSION = YES_AGGRESSIVE;
				CLANG_CXX_LANGUAGE_STANDARD = "gnu++14";
				CLANG_CXX_LIBRARY = "libc++";
				CLANG_ENABLE_MODULES = YES;
				CLANG_ENABLE_OBJC_ARC = YES;
				CLANG_ENABLE_OBJC_WEAK = YES;
				CLANG_WARN_BLOCK_CAPTURE_AUTORELEASING = YES;
				CLANG_WARN_BOOL_CONVERSION = YES;
				CLANG_WARN_COMMA = YES;
				CLANG_WARN_CONSTANT_CONVERSION = YES;
				CLANG_WARN_DEPRECATED_OBJC_IMPLEMENTATIONS = YES;
				CLANG_WARN_DIRECT_OBJC_ISA_USAGE = YES_ERROR;
				CLANG_WARN_DOCUMENTATION_COMMENTS = YES;
				CLANG_WARN_EMPTY_BODY = YES;
				CLANG_WARN_ENUM_CONVERSION = YES;
				CLANG_WARN_INFINITE_RECURSION = YES;
				CLANG_WARN_INT_CONVERSION = YES;
				CLANG_WARN_NON_LITERAL_NULL_CONVERSION = YES;
				CLANG_WARN_OBJC_IMPLICIT_RETAIN_SELF = YES;
				CLANG_WARN_OBJC_LITERAL_CONVERSION = YES;
				CLANG_WARN_OBJC_ROOT_CLASS = YES_ERROR;
				CLANG_WARN_RANGE_LOOP_ANALYSIS = YES;
				CLANG_WARN_STRICT_PROTOTYPES = YES;
				CLANG_WARN_SUSPICIOUS_MOVE = YES;
				CLANG_WARN_UNGUARDED_AVAILABILITY = YES_AGGRESSIVE;
				CLANG_WARN_UNREACHABLE_CODE = YES;
				CLANG_WARN__DUPLICATE_METHOD_MATCH = YES;
				CODE_SIGN_IDENTITY = "iPhone Developer";
				COPY_PHASE_STRIP = NO;
				DEBUG_INFORMATION_FORMAT = "dwarf-with-dsym";
				ENABLE_NS_ASSERTIONS = NO;
				ENABLE_STRICT_OBJC_MSGSEND = YES;
				GCC_C_LANGUAGE_STANDARD = gnu11;
				GCC_NO_COMMON_BLOCKS = YES;
				GCC_WARN_64_TO_32_BIT_CONVERSION = YES;
				GCC_WARN_ABOUT_RETURN_TYPE = YES_ERROR;
				GCC_WARN_UNDECLARED_SELECTOR = YES;
				GCC_WARN_UNINITIALIZED_AUTOS = YES_AGGRESSIVE;
				GCC_WARN_UNUSED_FUNCTION = YES;
				GCC_WARN_UNUSED_VARIABLE = YES;
				IPHONEOS_DEPLOYMENT_TARGET = 12.1;
				MTL_ENABLE_DEBUG_INFO = NO;
				MTL_FAST_MATH = YES;
				SDKROOT = iphoneos;
				SWIFT_COMPILATION_MODE = wholemodule;
				SWIFT_OPTIMIZATION_LEVEL = "-O";
				VALIDATE_PRODUCT = YES;
			};
			name = Release;
		};
		BFE6686122536DFE00840A8F /* Debug */ = {
			isa = XCBuildConfiguration;
			baseConfigurationReference = 791B994942ACA5DF5B6FDF49 /* Pods-Drinkers.debug.xcconfig */;
			buildSettings = {
				ASSETCATALOG_COMPILER_APPICON_NAME = AppIcon;
				CODE_SIGN_STYLE = Automatic;
				DEVELOPMENT_TEAM = 3XQY9SSXQ7;
				INFOPLIST_FILE = Drinkers/Info.plist;
				LD_RUNPATH_SEARCH_PATHS = (
					"$(inherited)",
					"@executable_path/Frameworks",
				);
				PRODUCT_BUNDLE_IDENTIFIER = com.kenta.Drinkers;
				PRODUCT_NAME = "$(TARGET_NAME)";
				SWIFT_VERSION = 4.2;
				TARGETED_DEVICE_FAMILY = "1,2";
			};
			name = Debug;
		};
		BFE6686222536DFE00840A8F /* Release */ = {
			isa = XCBuildConfiguration;
			baseConfigurationReference = B98BB3BBA42782A33F7E81E2 /* Pods-Drinkers.release.xcconfig */;
			buildSettings = {
				ASSETCATALOG_COMPILER_APPICON_NAME = AppIcon;
				CODE_SIGN_STYLE = Automatic;
				DEVELOPMENT_TEAM = 3XQY9SSXQ7;
				INFOPLIST_FILE = Drinkers/Info.plist;
				LD_RUNPATH_SEARCH_PATHS = (
					"$(inherited)",
					"@executable_path/Frameworks",
				);
				PRODUCT_BUNDLE_IDENTIFIER = com.kenta.Drinkers;
				PRODUCT_NAME = "$(TARGET_NAME)";
				SWIFT_VERSION = 4.2;
				TARGETED_DEVICE_FAMILY = "1,2";
			};
			name = Release;
		};
/* End XCBuildConfiguration section */

/* Begin XCConfigurationList section */
		BFE6684922536DFC00840A8F /* Build configuration list for PBXProject "Drinkers" */ = {
			isa = XCConfigurationList;
			buildConfigurations = (
				BFE6685E22536DFE00840A8F /* Debug */,
				BFE6685F22536DFE00840A8F /* Release */,
			);
			defaultConfigurationIsVisible = 0;
			defaultConfigurationName = Release;
		};
		BFE6686022536DFE00840A8F /* Build configuration list for PBXNativeTarget "Drinkers" */ = {
			isa = XCConfigurationList;
			buildConfigurations = (
				BFE6686122536DFE00840A8F /* Debug */,
				BFE6686222536DFE00840A8F /* Release */,
			);
			defaultConfigurationIsVisible = 0;
			defaultConfigurationName = Release;
		};
/* End XCConfigurationList section */
	};
	rootObject = BFE6684622536DFC00840A8F /* Project object */;
}
